
Microsoft Visual Studio Solution File, Format Version 12.00
# Visual Studio Version 17
VisualStudioVersion = 17.2.32616.157
MinimumVisualStudioVersion = 10.0.40219.1
Project("{FAE04EC0-301F-11D3-BF4B-00C04F79EFBC}") = "BloodBank", "BloodBank\BloodBank.csproj", "{8D6117CF-8BD3-45C6-B254-E423F155DA56}"
EndProject
Global
	GlobalSection(SolutionConfigurationPlatforms) = preSolution
		Debug|Any CPU = Debug|Any CPU
		Release|Any CPU = Release|Any CPU
	EndGlobalSection
	GlobalSection(ProjectConfigurationPlatforms) = postSolution
		{8D6117CF-8BD3-45C6-B254-E423F155DA56}.Debug|Any CPU.ActiveCfg = Debug|Any CPU
		{8D6117CF-8BD3-45C6-B254-E423F155DA56}.Debug|Any CPU.Build.0 = Debug|Any CPU
		{8D6117CF-8BD3-45C6-B254-E423F155DA56}.Release|Any CPU.ActiveCfg = Release|Any CPU
		{8D6117CF-8BD3-45C6-B254-E423F155DA56}.Release|Any CPU.Build.0 = Release|Any CPU
	EndGlobalSection
	GlobalSection(SolutionProperties) = preSolution
		HideSolutionNode = FALSE
	EndGlobalSection
	GlobalSection(ExtensibilityGlobals) = postSolution
		SolutionGuid = {C1DAD014-3504-4381-BB08-ED6E4B2DF737}
	EndGlobalSection
EndGlobal
